// !$*UTF8*$!
{
	archiveVersion = 1;
	classes = {
	};
	objectVersion = 55;
	objects = {

/* Begin PBXBuildFile section */
		E448B2C027E72D4A008B1403 /* FullBrowserApp.swift in Sources */ = {isa = PBXBuildFile; fileRef = E448B2B027E72D49008B1403 /* FullBrowserApp.swift */; };
		E448B2C127E72D4A008B1403 /* FullBrowserApp.swift in Sources */ = {isa = PBXBuildFile; fileRef = E448B2B027E72D49008B1403 /* FullBrowserApp.swift */; };
		E448B2C227E72D4A008B1403 /* ContentView.swift in Sources */ = {isa = PBXBuildFile; fileRef = E448B2B127E72D49008B1403 /* ContentView.swift */; };
		E448B2C327E72D4A008B1403 /* ContentView.swift in Sources */ = {isa = PBXBuildFile; fileRef = E448B2B127E72D49008B1403 /* ContentView.swift */; };
		E448B2C427E72D4A008B1403 /* Assets.xcassets in Resources */ = {isa = PBXBuildFile; fileRef = E448B2B227E72D4A008B1403 /* Assets.xcassets */; };
		E448B2C527E72D4A008B1403 /* Assets.xcassets in Resources */ = {isa = PBXBuildFile; fileRef = E448B2B227E72D4A008B1403 /* Assets.xcassets */; };
		E448B2CF27E72D66008B1403 /* Web.swift in Sources */ = {isa = PBXBuildFile; fileRef = E448B2CE27E72D66008B1403 /* Web.swift */; };
		E448B2D027E72D66008B1403 /* Web.swift in Sources */ = {isa = PBXBuildFile; fileRef = E448B2CE27E72D66008B1403 /* Web.swift */; };
		E49D68A527EB2C4100567634 /* Alert.swift in Sources */ = {isa = PBXBuildFile; fileRef = E49D68A427EB2C4100567634 /* Alert.swift */; };
		E49D68A627EB2C4100567634 /* Alert.swift in Sources */ = {isa = PBXBuildFile; fileRef = E49D68A427EB2C4100567634 /* Alert.swift */; };
		E49D68A827EC1DD200567634 /* DetailView.swift in Sources */ = {isa = PBXBuildFile; fileRef = E49D68A727EC1DD200567634 /* DetailView.swift */; };
		E49D68A927EC1DD200567634 /* DetailView.swift in Sources */ = {isa = PBXBuildFile; fileRef = E49D68A727EC1DD200567634 /* DetailView.swift */; };
		E4D2195F27E87CB300EFE1A6 /* about.swift in Sources */ = {isa = PBXBuildFile; fileRef = E4D2195E27E87CB300EFE1A6 /* about.swift */; };
		E4D2196027E87CB300EFE1A6 /* about.swift in Sources */ = {isa = PBXBuildFile; fileRef = E4D2195E27E87CB300EFE1A6 /* about.swift */; };
		E4D2196227E8925200EFE1A6 /* WebView.swift in Sources */ = {isa = PBXBuildFile; fileRef = E4D2196127E8925200EFE1A6 /* WebView.swift */; };
		E4D2196327E8925200EFE1A6 /* WebView.swift in Sources */ = {isa = PBXBuildFile; fileRef = E4D2196127E8925200EFE1A6 /* WebView.swift */; };
		E4D2196527EA060C00EFE1A6 /* Settings.swift in Sources */ = {isa = PBXBuildFile; fileRef = E4D2196427EA060C00EFE1A6 /* Settings.swift */; };
		E4D2196627EA060C00EFE1A6 /* Settings.swift in Sources */ = {isa = PBXBuildFile; fileRef = E4D2196427EA060C00EFE1A6 /* Settings.swift */; };
/* End PBXBuildFile section */

/* Begin PBXFileReference section */
		E448B2B027E72D49008B1403 /* FullBrowserApp.swift */ = {isa = PBXFileReference; lastKnownFileType = sourcecode.swift; path = FullBrowserApp.swift; sourceTree = "<group>"; };
		E448B2B127E72D49008B1403 /* ContentView.swift */ = {isa = PBXFileReference; lastKnownFileType = sourcecode.swift; path = ContentView.swift; sourceTree = "<group>"; };
		E448B2B227E72D4A008B1403 /* Assets.xcassets */ = {isa = PBXFileReference; lastKnownFileType = folder.assetcatalog; path = Assets.xcassets; sourceTree = "<group>"; };
		E448B2B727E72D4A008B1403 /* FullBrowser.app */ = {isa = PBXFileReference; explicitFileType = wrapper.application; includeInIndex = 0; path = FullBrowser.app; sourceTree = BUILT_PRODUCTS_DIR; };
		E448B2BD27E72D4A008B1403 /* FullBrowser.app */ = {isa = PBXFileReference; explicitFileType = wrapper.application; includeInIndex = 0; path = FullBrowser.app; sourceTree = BUILT_PRODUCTS_DIR; };
		E448B2BF27E72D4A008B1403 /* macOS.entitlements */ = {isa = PBXFileReference; lastKnownFileType = text.plist.entitlements; path = macOS.entitlements; sourceTree = "<group>"; };
		E448B2CE27E72D66008B1403 /* Web.swift */ = {isa = PBXFileReference; lastKnownFileType = sourcecode.swift; path = Web.swift; sourceTree = "<group>"; };
		E49D68A427EB2C4100567634 /* Alert.swift */ = {isa = PBXFileReference; lastKnownFileType = sourcecode.swift; path = Alert.swift; sourceTree = "<group>"; };
		E49D68A727EC1DD200567634 /* DetailView.swift */ = {isa = PBXFileReference; lastKnownFileType = sourcecode.swift; path = DetailView.swift; sourceTree = "<group>"; };
		E4D2195E27E87CB300EFE1A6 /* about.swift */ = {isa = PBXFileReference; lastKnownFileType = sourcecode.swift; path = about.swift; sourceTree = "<group>"; };
		E4D2196127E8925200EFE1A6 /* WebView.swift */ = {isa = PBXFileReference; lastKnownFileType = sourcecode.swift; path = WebView.swift; sourceTree = "<group>"; };
		E4D2196427EA060C00EFE1A6 /* Settings.swift */ = {isa = PBXFileReference; lastKnownFileType = sourcecode.swift; path = Settings.swift; sourceTree = "<group>"; };
/* End PBXFileReference section */

/* Begin PBXFrameworksBuildPhase section */
		E448B2B427E72D4A008B1403 /* Frameworks */ = {
			isa = PBXFrameworksBuildPhase;
			buildActionMask = 2147483647;
			files = (
			);
			runOnlyForDeploymentPostprocessing = 0;
		};
		E448B2BA27E72D4A008B1403 /* Frameworks */ = {
			isa = PBXFrameworksBuildPhase;
			buildActionMask = 2147483647;
			files = (
			);
			runOnlyForDeploymentPostprocessing = 0;
		};
/* End PBXFrameworksBuildPhase section */

/* Begin PBXGroup section */
		E448B2AA27E72D49008B1403 = {
			isa = PBXGroup;
			children = (
				E448B2AF27E72D49008B1403 /* Shared */,
				E448B2BE27E72D4A008B1403 /* macOS */,
				E448B2B827E72D4A008B1403 /* Products */,
			);
			sourceTree = "<group>";
		};
		E448B2AF27E72D49008B1403 /* Shared */ = {
			isa = PBXGroup;
			children = (
				E448B2B027E72D49008B1403 /* FullBrowserApp.swift */,
				E448B2B127E72D49008B1403 /* ContentView.swift */,
				E49D68A427EB2C4100567634 /* Alert.swift */,
				E49D68A727EC1DD200567634 /* DetailView.swift */,
				E4D2195E27E87CB300EFE1A6 /* about.swift */,
				E4D2196427EA060C00EFE1A6 /* Settings.swift */,
				E448B2CE27E72D66008B1403 /* Web.swift */,
				E4D2196127E8925200EFE1A6 /* WebView.swift */,
				E448B2B227E72D4A008B1403 /* Assets.xcassets */,
			);
			path = Shared;
			sourceTree = "<group>";
		};
		E448B2B827E72D4A008B1403 /* Products */ = {
			isa = PBXGroup;
			children = (
				E448B2B727E72D4A008B1403 /* FullBrowser.app */,
				E448B2BD27E72D4A008B1403 /* FullBrowser.app */,
			);
			name = Products;
			sourceTree = "<group>";
		};
		E448B2BE27E72D4A008B1403 /* macOS */ = {
			isa = PBXGroup;
			children = (
				E448B2BF27E72D4A008B1403 /* macOS.entitlements */,
			);
			path = macOS;
			sourceTree = "<group>";
		};
/* End PBXGroup section */

/* Begin PBXNativeTarget section */
		E448B2B627E72D4A008B1403 /* FullBrowser (iOS) */ = {
			isa = PBXNativeTarget;
			buildConfigurationList = E448B2C827E72D4A008B1403 /* Build configuration list for PBXNativeTarget "FullBrowser (iOS)" */;
			buildPhases = (
				E448B2B327E72D4A008B1403 /* Sources */,
				E448B2B427E72D4A008B1403 /* Frameworks */,
				E448B2B527E72D4A008B1403 /* Resources */,
			);
			buildRules = (
			);
			dependencies = (
			);
			name = "FullBrowser (iOS)";
			productName = "FullBrowser (iOS)";
			productReference = E448B2B727E72D4A008B1403 /* FullBrowser.app */;
			productType = "com.apple.product-type.application";
		};
		E448B2BC27E72D4A008B1403 /* FullBrowser (macOS) */ = {
			isa = PBXNativeTarget;
			buildConfigurationList = E448B2CB27E72D4A008B1403 /* Build configuration list for PBXNativeTarget "FullBrowser (macOS)" */;
			buildPhases = (
				E448B2B927E72D4A008B1403 /* Sources */,
				E448B2BA27E72D4A008B1403 /* Frameworks */,
				E448B2BB27E72D4A008B1403 /* Resources */,
			);
			buildRules = (
			);
			dependencies = (
			);
			name = "FullBrowser (macOS)";
			productName = "FullBrowser (macOS)";
			productReference = E448B2BD27E72D4A008B1403 /* FullBrowser.app */;
			productType = "com.apple.product-type.application";
		};
/* End PBXNativeTarget section */

/* Begin PBXProject section */
		E448B2AB27E72D49008B1403 /* Project object */ = {
			isa = PBXProject;
			attributes = {
				BuildIndependentTargetsInParallel = 1;
				LastSwiftUpdateCheck = 1330;
				LastUpgradeCheck = 1330;
				TargetAttributes = {
					E448B2B627E72D4A008B1403 = {
						CreatedOnToolsVersion = 13.3;
					};
					E448B2BC27E72D4A008B1403 = {
						CreatedOnToolsVersion = 13.3;
					};
				};
			};
			buildConfigurationList = E448B2AE27E72D49008B1403 /* Build configuration list for PBXProject "FullBrowser" */;
			compatibilityVersion = "Xcode 13.0";
			developmentRegion = en;
			hasScannedForEncodings = 0;
			knownRegions = (
				en,
				Base,
			);
			mainGroup = E448B2AA27E72D49008B1403;
			productRefGroup = E448B2B827E72D4A008B1403 /* Products */;
			projectDirPath = "";
			projectRoot = "";
			targets = (
				E448B2B627E72D4A008B1403 /* FullBrowser (iOS) */,
				E448B2BC27E72D4A008B1403 /* FullBrowser (macOS) */,
			);
		};
/* End PBXProject section */

/* Begin PBXResourcesBuildPhase section */
		E448B2B527E72D4A008B1403 /* Resources */ = {
			isa = PBXResourcesBuildPhase;
			buildActionMask = 2147483647;
			files = (
				E448B2C427E72D4A008B1403 /* Assets.xcassets in Resources */,
			);
			runOnlyForDeploymentPostprocessing = 0;
		};
		E448B2BB27E72D4A008B1403 /* Resources */ = {
			isa = PBXResourcesBuildPhase;
			buildActionMask = 2147483647;
			files = (
				E448B2C527E72D4A008B1403 /* Assets.xcassets in Resources */,
			);
			runOnlyForDeploymentPostprocessing = 0;
		};
/* End PBXResourcesBuildPhase section */

/* Begin PBXSourcesBuildPhase section */
		E448B2B327E72D4A008B1403 /* Sources */ = {
			isa = PBXSourcesBuildPhase;
			buildActionMask = 2147483647;
			files = (
				E4D2196527EA060C00EFE1A6 /* Settings.swift in Sources */,
				E49D68A827EC1DD200567634 /* DetailView.swift in Sources */,
				E448B2CF27E72D66008B1403 /* Web.swift in Sources */,
				E4D2196227E8925200EFE1A6 /* WebView.swift in Sources */,
				E448B2C227E72D4A008B1403 /* ContentView.swift in Sources */,
				E448B2C027E72D4A008B1403 /* FullBrowserApp.swift in Sources */,
				E4D2195F27E87CB300EFE1A6 /* about.swift in Sources */,
				E49D68A527EB2C4100567634 /* Alert.swift in Sources */,
			);
			runOnlyForDeploymentPostprocessing = 0;
		};
		E448B2B927E72D4A008B1403 /* Sources */ = {
			isa = PBXSourcesBuildPhase;
			buildActionMask = 2147483647;
			files = (
				E4D2196627EA060C00EFE1A6 /* Settings.swift in Sources */,
				E49D68A927EC1DD200567634 /* DetailView.swift in Sources */,
				E448B2D027E72D66008B1403 /* Web.swift in Sources */,
				E4D2196327E8925200EFE1A6 /* WebView.swift in Sources */,
				E448B2C327E72D4A008B1403 /* ContentView.swift in Sources */,
				E448B2C127E72D4A008B1403 /* FullBrowserApp.swift in Sources */,
				E4D2196027E87CB300EFE1A6 /* about.swift in Sources */,
				E49D68A627EB2C4100567634 /* Alert.swift in Sources */,
			);
			runOnlyForDeploymentPostprocessing = 0;
		};
/* End PBXSourcesBuildPhase section */

/* Begin XCBuildConfiguration section */
		E448B2C627E72D4A008B1403 /* Debug */ = {
			isa = XCBuildConfiguration;
			buildSettings = {
				ALWAYS_SEARCH_USER_PATHS = NO;
				CLANG_ANALYZER_NONNULL = YES;
				CLANG_ANALYZER_NUMBER_OBJECT_CONVERSION = YES_AGGRESSIVE;
				CLANG_CXX_LANGUAGE_STANDARD = "gnu++17";
				CLANG_ENABLE_MODULES = YES;
				CLANG_ENABLE_OBJC_ARC = YES;
				CLANG_ENABLE_OBJC_WEAK = YES;
				CLANG_WARN_BLOCK_CAPTURE_AUTORELEASING = YES;
				CLANG_WARN_BOOL_CONVERSION = YES;
				CLANG_WARN_COMMA = YES;
				CLANG_WARN_CONSTANT_CONVERSION = YES;
				CLANG_WARN_DEPRECATED_OBJC_IMPLEMENTATIONS = YES;
				CLANG_WARN_DIRECT_OBJC_ISA_USAGE = YES_ERROR;
				CLANG_WARN_DOCUMENTATION_COMMENTS = YES;
				CLANG_WARN_EMPTY_BODY = YES;
				CLANG_WARN_ENUM_CONVERSION = YES;
				CLANG_WARN_INFINITE_RECURSION = YES;
				CLANG_WARN_INT_CONVERSION = YES;
				CLANG_WARN_NON_LITERAL_NULL_CONVERSION = YES;
				CLANG_WARN_OBJC_IMPLICIT_RETAIN_SELF = YES;
				CLANG_WARN_OBJC_LITERAL_CONVERSION = YES;
				CLANG_WARN_OBJC_ROOT_CLASS = YES_ERROR;
				CLANG_WARN_QUOTED_INCLUDE_IN_FRAMEWORK_HEADER = YES;
				CLANG_WARN_RANGE_LOOP_ANALYSIS = YES;
				CLANG_WARN_STRICT_PROTOTYPES = YES;
				CLANG_WARN_SUSPICIOUS_MOVE = YES;
				CLANG_WARN_UNGUARDED_AVAILABILITY = YES_AGGRESSIVE;
				CLANG_WARN_UNREACHABLE_CODE = YES;
				CLANG_WARN__DUPLICATE_METHOD_MATCH = YES;
				COPY_PHASE_STRIP = NO;
				DEBUG_INFORMATION_FORMAT = dwarf;
				ENABLE_STRICT_OBJC_MSGSEND = YES;
				ENABLE_TESTABILITY = YES;
				GCC_C_LANGUAGE_STANDARD = gnu11;
				GCC_DYNAMIC_NO_PIC = NO;
				GCC_NO_COMMON_BLOCKS = YES;
				GCC_OPTIMIZATION_LEVEL = 0;
				GCC_PREPROCESSOR_DEFINITIONS = (
					"DEBUG=1",
					"$(inherited)",
				);
				GCC_WARN_64_TO_32_BIT_CONVERSION = YES;
				GCC_WARN_ABOUT_RETURN_TYPE = YES_ERROR;
				GCC_WARN_UNDECLARED_SELECTOR = YES;
				GCC_WARN_UNINITIALIZED_AUTOS = YES_AGGRESSIVE;
				GCC_WARN_UNUSED_FUNCTION = YES;
				GCC_WARN_UNUSED_VARIABLE = YES;
				MTL_ENABLE_DEBUG_INFO = INCLUDE_SOURCE;
				MTL_FAST_MATH = YES;
				ONLY_ACTIVE_ARCH = YES;
				SWIFT_ACTIVE_COMPILATION_CONDITIONS = DEBUG;
				SWIFT_OPTIMIZATION_LEVEL = "-Onone";
			};
			name = Debug;
		};
		E448B2C727E72D4A008B1403 /* Release */ = {
			isa = XCBuildConfiguration;
			buildSettings = {
				ALWAYS_SEARCH_USER_PATHS = NO;
				CLANG_ANALYZER_NONNULL = YES;
				CLANG_ANALYZER_NUMBER_OBJECT_CONVERSION = YES_AGGRESSIVE;
				CLANG_CXX_LANGUAGE_STANDARD = "gnu++17";
				CLANG_ENABLE_MODULES = YES;
				CLANG_ENABLE_OBJC_ARC = YES;
				CLANG_ENABLE_OBJC_WEAK = YES;
				CLANG_WARN_BLOCK_CAPTURE_AUTORELEASING = YES;
				CLANG_WARN_BOOL_CONVERSION = YES;
				CLANG_WARN_COMMA = YES;
				CLANG_WARN_CONSTANT_CONVERSION = YES;
				CLANG_WARN_DEPRECATED_OBJC_IMPLEMENTATIONS = YES;
				CLANG_WARN_DIRECT_OBJC_ISA_USAGE = YES_ERROR;
				CLANG_WARN_DOCUMENTATION_COMMENTS = YES;
				CLANG_WARN_EMPTY_BODY = YES;
				CLANG_WARN_ENUM_CONVERSION = YES;
				CLANG_WARN_INFINITE_RECURSION = YES;
				CLANG_WARN_INT_CONVERSION = YES;
				CLANG_WARN_NON_LITERAL_NULL_CONVERSION = YES;
				CLANG_WARN_OBJC_IMPLICIT_RETAIN_SELF = YES;
				CLANG_WARN_OBJC_LITERAL_CONVERSION = YES;
				CLANG_WARN_OBJC_ROOT_CLASS = YES_ERROR;
				CLANG_WARN_QUOTED_INCLUDE_IN_FRAMEWORK_HEADER = YES;
				CLANG_WARN_RANGE_LOOP_ANALYSIS = YES;
				CLANG_WARN_STRICT_PROTOTYPES = YES;
				CLANG_WARN_SUSPICIOUS_MOVE = YES;
				CLANG_WARN_UNGUARDED_AVAILABILITY = YES_AGGRESSIVE;
				CLANG_WARN_UNREACHABLE_CODE = YES;
				CLANG_WARN__DUPLICATE_METHOD_MATCH = YES;
				COPY_PHASE_STRIP = NO;
				DEBUG_INFORMATION_FORMAT = "dwarf-with-dsym";
				ENABLE_NS_ASSERTIONS = NO;
				ENABLE_STRICT_OBJC_MSGSEND = YES;
				GCC_C_LANGUAGE_STANDARD = gnu11;
				GCC_NO_COMMON_BLOCKS = YES;
				GCC_WARN_64_TO_32_BIT_CONVERSION = YES;
				GCC_WARN_ABOUT_RETURN_TYPE = YES_ERROR;
				GCC_WARN_UNDECLARED_SELECTOR = YES;
				GCC_WARN_UNINITIALIZED_AUTOS = YES_AGGRESSIVE;
				GCC_WARN_UNUSED_FUNCTION = YES;
				GCC_WARN_UNUSED_VARIABLE = YES;
				MTL_ENABLE_DEBUG_INFO = NO;
				MTL_FAST_MATH = YES;
				SWIFT_COMPILATION_MODE = wholemodule;
				SWIFT_OPTIMIZATION_LEVEL = "-O";
			};
			name = Release;
		};
		E448B2C927E72D4A008B1403 /* Debug */ = {
			isa = XCBuildConfiguration;
			buildSettings = {
				ASSETCATALOG_COMPILER_APPICON_NAME = AppIcon;
				ASSETCATALOG_COMPILER_GLOBAL_ACCENT_COLOR_NAME = AccentColor;
				ASSETCATALOG_COMPILER_INCLUDE_ALL_APPICON_ASSETS = NO;
				CODE_SIGN_STYLE = Automatic;
				CURRENT_PROJECT_VERSION = 1;
				DEVELOPMENT_TEAM = FZV4U8KNW7;
				ENABLE_PREVIEWS = YES;
				GENERATE_INFOPLIST_FILE = YES;
				INFOPLIST_KEY_UIApplicationSceneManifest_Generation = YES;
				INFOPLIST_KEY_UIApplicationSupportsIndirectInputEvents = YES;
				INFOPLIST_KEY_UILaunchScreen_Generation = YES;
				INFOPLIST_KEY_UISupportedInterfaceOrientations_iPad = "UIInterfaceOrientationPortrait UIInterfaceOrientationPortraitUpsideDown UIInterfaceOrientationLandscapeLeft UIInterfaceOrientationLandscapeRight";
				INFOPLIST_KEY_UISupportedInterfaceOrientations_iPhone = "UIInterfaceOrientationPortrait UIInterfaceOrientationLandscapeLeft UIInterfaceOrientationLandscapeRight";
				IPHONEOS_DEPLOYMENT_TARGET = 15.4;
				LD_RUNPATH_SEARCH_PATHS = (
					"$(inherited)",
					"@executable_path/Frameworks",
				);
				MARKETING_VERSION = 1.0;
				PRODUCT_BUNDLE_IDENTIFIER = kazu.FullBrowser;
				PRODUCT_NAME = FullBrowser;
				SDKROOT = iphoneos;
				SWIFT_EMIT_LOC_STRINGS = YES;
				SWIFT_VERSION = 5.0;
				TARGETED_DEVICE_FAMILY = "1,2";
			};
			name = Debug;
		};
		E448B2CA27E72D4A008B1403 /* Release */ = {
			isa = XCBuildConfiguration;
			buildSettings = {
				ASSETCATALOG_COMPILER_APPICON_NAME = AppIcon;
				ASSETCATALOG_COMPILER_GLOBAL_ACCENT_COLOR_NAME = AccentColor;
				ASSETCATALOG_COMPILER_INCLUDE_ALL_APPICON_ASSETS = NO;
				CODE_SIGN_STYLE = Automatic;
				CURRENT_PROJECT_VERSION = 1;
				DEVELOPMENT_TEAM = FZV4U8KNW7;
				ENABLE_PREVIEWS = YES;
				GENERATE_INFOPLIST_FILE = YES;
				INFOPLIST_KEY_UIApplicationSceneManifest_Generation = YES;
				INFOPLIST_KEY_UIApplicationSupportsIndirectInputEvents = YES;
				INFOPLIST_KEY_UILaunchScreen_Generation = YES;
				INFOPLIST_KEY_UISupportedInterfaceOrientations_iPad = "UIInterfaceOrientationPortrait UIInterfaceOrientationPortraitUpsideDown UIInterfaceOrientationLandscapeLeft UIInterfaceOrientationLandscapeRight";
				INFOPLIST_KEY_UISupportedInterfaceOrientations_iPhone = "UIInterfaceOrientationPortrait UIInterfaceOrientationLandscapeLeft UIInterfaceOrientationLandscapeRight";
				IPHONEOS_DEPLOYMENT_TARGET = 15.4;
				LD_RUNPATH_SEARCH_PATHS = (
					"$(inherited)",
					"@executable_path/Frameworks",
				);
				MARKETING_VERSION = 1.0;
				PRODUCT_BUNDLE_IDENTIFIER = kazu.FullBrowser;
				PRODUCT_NAME = FullBrowser;
				SDKROOT = iphoneos;
				SWIFT_EMIT_LOC_STRINGS = YES;
				SWIFT_VERSION = 5.0;
				TARGETED_DEVICE_FAMILY = "1,2";
				VALIDATE_PRODUCT = YES;
			};
			name = Release;
		};
		E448B2CC27E72D4A008B1403 /* Debug */ = {
			isa = XCBuildConfiguration;
			buildSettings = {
				ASSETCATALOG_COMPILER_APPICON_NAME = AppIcon;
				ASSETCATALOG_COMPILER_GLOBAL_ACCENT_COLOR_NAME = AccentColor;
				CODE_SIGN_ENTITLEMENTS = macOS/macOS.entitlements;
				CODE_SIGN_STYLE = Automatic;
				COMBINE_HIDPI_IMAGES = YES;
				CURRENT_PROJECT_VERSION = 1;
				DEVELOPMENT_TEAM = FZV4U8KNW7;
				ENABLE_HARDENED_RUNTIME = YES;
				ENABLE_PREVIEWS = YES;
				GENERATE_INFOPLIST_FILE = YES;
				INFOPLIST_KEY_NSHumanReadableCopyright = "";
				LD_RUNPATH_SEARCH_PATHS = (
					"$(inherited)",
					"@executable_path/../Frameworks",
				);
				MACOSX_DEPLOYMENT_TARGET = 12.3;
				MARKETING_VERSION = 1.0;
				PRODUCT_BUNDLE_IDENTIFIER = kazu.FullBrowser;
				PRODUCT_NAME = FullBrowser;
				SDKROOT = macosx;
				SWIFT_EMIT_LOC_STRINGS = YES;
				SWIFT_VERSION = 5.0;
			};
			name = Debug;
		};
		E448B2CD27E72D4A008B1403 /* Release */ = {
			isa = XCBuildConfiguration;
			buildSettings = {
				ASSETCATALOG_COMPILER_APPICON_NAME = AppIcon;
				ASSETCATALOG_COMPILER_GLOBAL_ACCENT_COLOR_NAME = AccentColor;
				CODE_SIGN_ENTITLEMENTS = macOS/macOS.entitlements;
				CODE_SIGN_STYLE = Automatic;
				COMBINE_HIDPI_IMAGES = YES;
				CURRENT_PROJECT_VERSION = 1;
				DEVELOPMENT_TEAM = FZV4U8KNW7;
				ENABLE_HARDENED_RUNTIME = YES;
				ENABLE_PREVIEWS = YES;
				GENERATE_INFOPLIST_FILE = YES;
				INFOPLIST_KEY_NSHumanReadableCopyright = "";
				LD_RUNPATH_SEARCH_PATHS = (
					"$(inherited)",
					"@executable_path/../Frameworks",
				);
				MACOSX_DEPLOYMENT_TARGET = 12.3;
				MARKETING_VERSION = 1.0;
				PRODUCT_BUNDLE_IDENTIFIER = kazu.FullBrowser;
				PRODUCT_NAME = FullBrowser;
				SDKROOT = macosx;
				SWIFT_EMIT_LOC_STRINGS = YES;
				SWIFT_VERSION = 5.0;
			};
			name = Release;
		};
/* End XCBuildConfiguration section */

/* Begin XCConfigurationList section */
		E448B2AE27E72D49008B1403 /* Build configuration list for PBXProject "FullBrowser" */ = {
			isa = XCConfigurationList;
			buildConfigurations = (
				E448B2C627E72D4A008B1403 /* Debug */,
				E448B2C727E72D4A008B1403 /* Release */,
			);
			defaultConfigurationIsVisible = 0;
			defaultConfigurationName = Release;
		};
		E448B2C827E72D4A008B1403 /* Build configuration list for PBXNativeTarget "FullBrowser (iOS)" */ = {
			isa = XCConfigurationList;
			buildConfigurations = (
				E448B2C927E72D4A008B1403 /* Debug */,
				E448B2CA27E72D4A008B1403 /* Release */,
			);
			defaultConfigurationIsVisible = 0;
			defaultConfigurationName = Release;
		};
		E448B2CB27E72D4A008B1403 /* Build configuration list for PBXNativeTarget "FullBrowser (macOS)" */ = {
			isa = XCConfigurationList;
			buildConfigurations = (
				E448B2CC27E72D4A008B1403 /* Debug */,
				E448B2CD27E72D4A008B1403 /* Release */,
			);
			defaultConfigurationIsVisible = 0;
			defaultConfigurationName = Release;
		};
/* End XCConfigurationList section */
	};
	rootObject = E448B2AB27E72D49008B1403 /* Project object */;
}
